
Microsoft Visual Studio Solution File, Format Version 12.00
# Visual Studio Version 17
VisualStudioVersion = 17.3.32819.101
MinimumVisualStudioVersion = 10.0.40219.1
Project("{FAE04EC0-301F-11D3-BF4B-00C04F79EFBC}") = "asset2", "asset2\asset2.csproj", "{20B70238-57F4-48F5-83D2-283DCD9CE0D4}"
EndProject
Global
	GlobalSection(SolutionConfigurationPlatforms) = preSolution
		Debug|Any CPU = Debug|Any CPU
		Release|Any CPU = Release|Any CPU
	EndGlobalSection
	GlobalSection(ProjectConfigurationPlatforms) = postSolution
		{20B70238-57F4-48F5-83D2-283DCD9CE0D4}.Debug|Any CPU.ActiveCfg = Debug|Any CPU
		{20B70238-57F4-48F5-83D2-283DCD9CE0D4}.Debug|Any CPU.Build.0 = Debug|Any CPU
		{20B70238-57F4-48F5-83D2-283DCD9CE0D4}.Release|Any CPU.ActiveCfg = Release|Any CPU
		{20B70238-57F4-48F5-83D2-283DCD9CE0D4}.Release|Any CPU.Build.0 = Release|Any CPU
	EndGlobalSection
	GlobalSection(SolutionProperties) = preSolution
		HideSolutionNode = FALSE
	EndGlobalSection
	GlobalSection(ExtensibilityGlobals) = postSolution
		SolutionGuid = {074F942A-993D-4D23-B659-C8DFBBF187B5}
	EndGlobalSection
EndGlobal
